id: dvbs2acm_physical_cc
label: PL Framer
category: '[DVB]/DVB-S2 ACM/Transmitter'

parameters:
-   id: dummyframes
    label: Enable Dummy Frames
    dtype: bool
    default: False

inputs:
-   domain: stream
    dtype: complex

outputs:
-   domain: stream
    dtype: complex

templates:
    imports: from gnuradio import dvbs2acm
    make: dvbs2acm.physical_cc(${dummyframes})

file_format: 1
