id: dvbs2acm_bbheader_bb
label: BB Header
category: '[DVB]/DVB-S2 ACM/Transmitter'

parameters:
- id: framesize
  label: FECFRAME size
  dtype: enum
  options: [Normal, Short]
  option_attributes:
    hide_normal: [none, all]
    hide_short: [all, none]
- id: modcod_normal
  label: MODCOD
  dtype: enum
  options: [
    # DVB-S2
    2, 4, 6, 8, 10, 12, 14, 16, 18, 20, 22, 24, 26, 28, 
    30, 32, 34, 36, 38, 40, 42, 44, 46, 48, 50, 52, 54, 56,
    # DVB-S2X
    66, 67, 68, 69, 70, 71, 72, 73, 74, 75, 76, 77, 78, 79, 80,
    81, 82, 83, 84, 85, 86, 87, 88, 89, 90, 91, 92, 93, 94, 95,
    96, 97, 98, 99, 100, 101, 102, 103]
  option_labels: [
    # DVB-S2
    'QPSK 1/4', 'QPSK 1/3', 'QPSK 2/5', 'QPSK 1/2', 'QPSK 3/5',
    'QPSK 2/3', 'QPSK 3/4', 'QPSK 4/5', 'QPSK 5/6', 'QPSK 8/9', 'QPSK 9/10',
    '8PSK 3/5', '8PSK 2/3', '8PSK 3/4', '8PSK 5/6', '8PSK 8/9', '8PSK 9/10',
    '16APSK 2/3', '16APSK 3/4', '16APSK 4/5', '16APSK 5/6', '16APSK 8/9', '16APSK 9/10',
    '32APSK 3/4', '32APSK 4/5', '32APSK 5/6', '32APSK 8/9', '32APSK 9/10',
    # DVB-S2X
    'QPSK 13/45', 'QPSK 9/20', 'QPSK 11/20', 
    '8APSK 5/9-L', '8APSK 26/45-L', '8PSK 23/36', '8PSK 25/36', '8PSK 13/18', 
    '16APSK 1/2-L', '16APSK 8/15-L', '16APSK 5/9-L', 
    '16APSK 26/45', '16APSK 3/5', '16APSK 3/5-L', '16APSK 28/45', '16APSK 23/36', 
    '16APSK 2/3-L', '16APSK 25/36', '16APSK 13/18', '16APSK 7/9', '16APSK 77/90',
    '32APSK 2/3-L', '32APSK 32/45', '32APSK 11/15', '32APSK 7/9',
    '64APSK 32/45-L', '64APSK 11/15', '64APSK 7/9', '64APSK 4/5', '64APSK 5/6',
    '128APSK 3/4', '128APSK 7/9', '256APSK 29/45-L', '256APSK 2/3-L', 
    '256APSK 31/45-L', '256APSK 32/45', '256APSK 11/15-L', '256APSK 3/4']
  hide: ${ framesize.hide_normal }
- id: modcod_short
  label: MODCOD
  dtype: enum
  options: [
    # DVB-S2
    3, 5, 7, 9, 11, 13, 15, 17, 19, 21, 23, 25, 27, 29, 
    31, 33, 35, 37, 39, 41, 43, 45, 47, 49, 51, 53, 55, 57,
    # DVB-S2X
    104, 105, 106, 107, 108, 109, 110, 111, 112, 
    113, 114, 115, 116, 117, 118, 119, 120]
  option_labels: [
    # DVB-S2
    'QPSK 1/4', 'QPSK 1/3', 'QPSK 2/5', 'QPSK 1/2', 'QPSK 3/5',
    'QPSK 2/3', 'QPSK 3/4', 'QPSK 4/5', 'QPSK 5/6', 'QPSK 8/9', 'QPSK 9/10',
    '8PSK 3/5', '8PSK 2/3', '8PSK 3/4', '8PSK 5/6', '8PSK 8/9', '8PSK 9/10',
    '16APSK 2/3', '16APSK 3/4', '16APSK 4/5', '16APSK 5/6', '16APSK 8/9', '16APSK 9/10',
    '32APSK 3/4', '32APSK 4/5', '32APSK 5/6', '32APSK 8/9', '32APSK 9/10',
    # DVB-S2X
    'QPSK 11/45', 'QPSK 4/15', 'QPSK 14/45', 'QPSK 7/15', 'QPSK 8/15', 'QPSK 32/45',
    '8PSK 7/15', '8PSK 8/15', '8PSK 26/45', '8PSK 32/45',
    '16APSK 7/15', '16APSK 8/15', '16APSK 26/45', '16APSK 3/5', '16APSK 32/45',
    '32APSK 2/3', '32APSK 32/45']
  hide: ${ framesize.hide_short }
- id: pilots
  label: Pilots
  dtype: enum
  options: [True, False]
  option_labels: ['On', 'Off']
- id: rolloff
  label: Rolloff factor
  dtype: enum
  options: [RO_0_35, RO_0_25, RO_0_20, RO_0_15, RO_0_10, RO_0_05]
  option_labels: ['0.35', '0.25', '0.20', '0.15', '0.10', '0.05']
- id: goldcode
  label: Gold Code
  dtype: int
  default: 0

inputs:
- domain: stream
  dtype: byte
  # multiplicity: ${ nstreams }
  
outputs:
- domain: stream
  dtype: byte

templates:
  imports: from gnuradio import dvbs2acm
  make: |-
    dvbs2acm.bbheader_bb(
      % if str(framesize) == 'Normal':
        ${modcod_normal},
      % else:
        ${modcod_short},
      % endif
      ${pilots},
      dvbs2acm.${rolloff},
      ${goldcode})

file_format: 1
